github.com/mattn/go-isatty v0.0.20 h1:W+V8+FLucDAHA9mwVmnXjOaLkarMetFMfwF0CrkqA0=
github.com/mattn/go-isatty v0.0.20/go.mod h1:YkJH6vNI+a+stIWtmrgLYKV3SFQvOm/zzDJbFQIY+0=
github.com/smacker/go-tree-sitter v0.0.0-20240514211238-dfcf648abdca h1:i+4pI1h2qiGQGpzRi2YBVX3V16+lVX2hQc0A2F/UqE=
github.com/smacker/go-tree-sitter v0.0.0-20240514211238-dfcf648abdca/go.mod h1:klK1N9gJ1GLZP5g7WrmIXhvxCi2RR8XlC3yO7XVQWI=
github.com/tree-sitter/tree-sitter-javascript v0.20.0 h1:LJbxQg9bL5I4K3uLRSpCCWWYBrKZEQrFLg+3bHNBaI=
github.com/tree-sitter/tree-sitter-javascript v0.20.0/go.mod h1:f8RI/R6c9c2vNVFKMHvjZN7FwI0K7aU1A0UD4sI8c=
github.com/tree-sitter/tree-sitter-python v0.20.4 h1:PGcGW59Ygh5/8gKO/Scc7YcYsL6r2kqpG3jW6p+FGY=
github.com/tree-sitter/tree-sitter-python v0.20.4/go.mod h1:vM8xL1PzjgvNKxSVzH5YnIrFYlXAMd0bkJyDHuCccQ=
golang.org/x/sys v0.13.0 h1:Af8nKPmuFypiUBjVoU9V20FiaLnxSvJu0f1ljn+e0EA=
golang.org/x/sys v0.13.0/go.mod h1:oPkhp1MJrh7nUepCax/m2gOcblcT0jlD3MStQ8PjnA=
